
Microsoft Visual Studio Solution File, Format Version 12.00
# Visual Studio Version 17
VisualStudioVersion = 17.6.33815.320
MinimumVisualStudioVersion = 10.0.40219.1
Project("{FAE04EC0-301F-11D3-BF4B-00C04F79EFBC}") = "InMemoryDataBaseExample", "InMemoryDataBaseExample\InMemoryDataBaseExample.csproj", "{AD9AA3C4-7EB7-4C88-9E1C-E7E3AD0AED59}"
EndProject
Global
	GlobalSection(SolutionConfigurationPlatforms) = preSolution
		Debug|Any CPU = Debug|Any CPU
		Release|Any CPU = Release|Any CPU
	EndGlobalSection
	GlobalSection(ProjectConfigurationPlatforms) = postSolution
		{AD9AA3C4-7EB7-4C88-9E1C-E7E3AD0AED59}.Debug|Any CPU.ActiveCfg = Debug|Any CPU
		{AD9AA3C4-7EB7-4C88-9E1C-E7E3AD0AED59}.Debug|Any CPU.Build.0 = Debug|Any CPU
		{AD9AA3C4-7EB7-4C88-9E1C-E7E3AD0AED59}.Release|Any CPU.ActiveCfg = Release|Any CPU
		{AD9AA3C4-7EB7-4C88-9E1C-E7E3AD0AED59}.Release|Any CPU.Build.0 = Release|Any CPU
	EndGlobalSection
	GlobalSection(SolutionProperties) = preSolution
		HideSolutionNode = FALSE
	EndGlobalSection
	GlobalSection(ExtensibilityGlobals) = postSolution
		SolutionGuid = {D4EA4E22-CCC7-4D5E-8BF0-125D742AE1F4}
	EndGlobalSection
EndGlobal
